// !$*UTF8*$!
{
	archiveVersion = 1;
	classes = {
	};
	objectVersion = 46;
	objects = {

/* Begin PBXBuildFile section */
		CA1599F21B1759A600B26F9C /* AppDelegate.m in Sources */ = {isa = PBXBuildFile; fileRef = CA1599F11B1759A600B26F9C /* AppDelegate.m */; };
		CA1599F41B1759A600B26F9C /* main.m in Sources */ = {isa = PBXBuildFile; fileRef = CA1599F31B1759A600B26F9C /* main.m */; };
		CA1599F61B1759A600B26F9C /* Images.xcassets in Resources */ = {isa = PBXBuildFile; fileRef = CA1599F51B1759A600B26F9C /* Images.xcassets */; };
		CA3CC2701C45277E001CBA74 /* UIDelegate.m in Sources */ = {isa = PBXBuildFile; fileRef = CA3CC26F1C45277E001CBA74 /* UIDelegate.m */; };
		CA43E08B1BB851BE00347EE1 /* libstdc++.tbd in Frameworks */ = {isa = PBXBuildFile; fileRef = CA43E08A1BB851BE00347EE1 /* libstdc++.tbd */; };
		CA99CFA11B175B8B00696023 /* WebKit.framework in Frameworks */ = {isa = PBXBuildFile; fileRef = CA99CFA01B175B8B00696023 /* WebKit.framework */; };
		CAE0196F1B1775C6000EAF46 /* webroot in Resources */ = {isa = PBXBuildFile; fileRef = CAE0196E1B1775C6000EAF46 /* webroot */; };
		CAE235C61B176C2D005AEEBF /* libbibledit.a in Frameworks */ = {isa = PBXBuildFile; fileRef = CAE235C51B176C2D005AEEBF /* libbibledit.a */; };
		CAF569171B177EBD00EE957E /* MainMenu.xib in Resources */ = {isa = PBXBuildFile; fileRef = CAE33E751B176F2500BBA84A /* MainMenu.xib */; };
/* End PBXBuildFile section */

/* Begin PBXFileReference section */
		CA0CCC211B1764D300487D8E /* build.sh */ = {isa = PBXFileReference; fileEncoding = 4; lastKnownFileType = text.script.sh; path = build.sh; sourceTree = SOURCE_ROOT; };
		CA0CCC231B1764DC00487D8E /* README.md */ = {isa = PBXFileReference; fileEncoding = 4; lastKnownFileType = net.daringfireball.markdown; path = README.md; sourceTree = SOURCE_ROOT; };
		CA0CCC251B17694900487D8E /* bibledit.h */ = {isa = PBXFileReference; lastKnownFileType = sourcecode.c.h; path = bibledit.h; sourceTree = "<group>"; };
		CA1599EB1B1759A600B26F9C /* Bibledit.app */ = {isa = PBXFileReference; explicitFileType = wrapper.application; includeInIndex = 0; path = Bibledit.app; sourceTree = BUILT_PRODUCTS_DIR; };
		CA1599EF1B1759A600B26F9C /* Info.plist */ = {isa = PBXFileReference; lastKnownFileType = text.plist.xml; path = Info.plist; sourceTree = "<group>"; };
		CA1599F01B1759A600B26F9C /* AppDelegate.h */ = {isa = PBXFileReference; lastKnownFileType = sourcecode.c.h; path = AppDelegate.h; sourceTree = "<group>"; };
		CA1599F11B1759A600B26F9C /* AppDelegate.m */ = {isa = PBXFileReference; lastKnownFileType = sourcecode.c.objc; path = AppDelegate.m; sourceTree = "<group>"; };
		CA1599F31B1759A600B26F9C /* main.m */ = {isa = PBXFileReference; lastKnownFileType = sourcecode.c.objc; path = main.m; sourceTree = "<group>"; };
		CA1599F51B1759A600B26F9C /* Images.xcassets */ = {isa = PBXFileReference; lastKnownFileType = folder.assetcatalog; path = Images.xcassets; sourceTree = "<group>"; };
		CA1599F81B1759A600B26F9C /* Base */ = {isa = PBXFileReference; lastKnownFileType = file.xib; name = Base; path = Base.lproj/MainMenu.xib; sourceTree = "<group>"; };
		CA3CC26E1C45277D001CBA74 /* UIDelegate.h */ = {isa = PBXFileReference; fileEncoding = 4; lastKnownFileType = sourcecode.c.h; path = UIDelegate.h; sourceTree = "<group>"; };
		CA3CC26F1C45277E001CBA74 /* UIDelegate.m */ = {isa = PBXFileReference; fileEncoding = 4; lastKnownFileType = sourcecode.c.objc; path = UIDelegate.m; sourceTree = "<group>"; };
		CA43E08A1BB851BE00347EE1 /* libstdc++.tbd */ = {isa = PBXFileReference; lastKnownFileType = "sourcecode.text-based-dylib-definition"; name = "libstdc++.tbd"; path = "usr/lib/libstdc++.tbd"; sourceTree = SDKROOT; };
		CA43E08E1BB851F700347EE1 /* libsqlite3.tbd */ = {isa = PBXFileReference; lastKnownFileType = "sourcecode.text-based-dylib-definition"; name = libsqlite3.tbd; path = usr/lib/libsqlite3.tbd; sourceTree = SDKROOT; };
		CA99CFA01B175B8B00696023 /* WebKit.framework */ = {isa = PBXFileReference; lastKnownFileType = wrapper.framework; name = WebKit.framework; path = System/Library/Frameworks/WebKit.framework; sourceTree = SDKROOT; };
		CAE0196E1B1775C6000EAF46 /* webroot */ = {isa = PBXFileReference; lastKnownFileType = folder; path = webroot; sourceTree = "<group>"; };
		CAE235C51B176C2D005AEEBF /* libbibledit.a */ = {isa = PBXFileReference; lastKnownFileType = archive.ar; name = libbibledit.a; path = webroot/libbibledit.a; sourceTree = "<group>"; };
		CAE33E761B176F2500BBA84A /* Base */ = {isa = PBXFileReference; lastKnownFileType = file.xib; name = Base; path = osx/Base.lproj/MainMenu.xib; sourceTree = "<group>"; };
		CAFBC78D1B17624E0063BA33 /* osx.entitlements */ = {isa = PBXFileReference; lastKnownFileType = text.xml; path = osx.entitlements; sourceTree = "<group>"; };
/* End PBXFileReference section */

/* Begin PBXFrameworksBuildPhase section */
		CA1599E81B1759A600B26F9C /* Frameworks */ = {
			isa = PBXFrameworksBuildPhase;
			buildActionMask = 2147483647;
			files = (
				CA43E08B1BB851BE00347EE1 /* libstdc++.tbd in Frameworks */,
				CAE235C61B176C2D005AEEBF /* libbibledit.a in Frameworks */,
				CA99CFA11B175B8B00696023 /* WebKit.framework in Frameworks */,
			);
			runOnlyForDeploymentPostprocessing = 0;
		};
/* End PBXFrameworksBuildPhase section */

/* Begin PBXGroup section */
		CA1599E21B1759A600B26F9C = {
			isa = PBXGroup;
			children = (
				CA43E08E1BB851F700347EE1 /* libsqlite3.tbd */,
				CA43E08A1BB851BE00347EE1 /* libstdc++.tbd */,
				CAE0196E1B1775C6000EAF46 /* webroot */,
				CAE33E751B176F2500BBA84A /* MainMenu.xib */,
				CAE235C51B176C2D005AEEBF /* libbibledit.a */,
				CA99CFA01B175B8B00696023 /* WebKit.framework */,
				CA1599ED1B1759A600B26F9C /* gui */,
				CA1599EC1B1759A600B26F9C /* Products */,
			);
			sourceTree = "<group>";
		};
		CA1599EC1B1759A600B26F9C /* Products */ = {
			isa = PBXGroup;
			children = (
				CA1599EB1B1759A600B26F9C /* Bibledit.app */,
			);
			name = Products;
			sourceTree = "<group>";
		};
		CA1599ED1B1759A600B26F9C /* gui */ = {
			isa = PBXGroup;
			children = (
				CAFBC78D1B17624E0063BA33 /* osx.entitlements */,
				CA1599F01B1759A600B26F9C /* AppDelegate.h */,
				CA1599F11B1759A600B26F9C /* AppDelegate.m */,
				CA3CC26E1C45277D001CBA74 /* UIDelegate.h */,
				CA3CC26F1C45277E001CBA74 /* UIDelegate.m */,
				CA0CCC251B17694900487D8E /* bibledit.h */,
				CA1599F51B1759A600B26F9C /* Images.xcassets */,
				CA1599F71B1759A600B26F9C /* MainMenu.xib */,
				CA0CCC211B1764D300487D8E /* build.sh */,
				CA0CCC231B1764DC00487D8E /* README.md */,
				CA1599EE1B1759A600B26F9C /* Supporting Files */,
			);
			name = gui;
			path = osx;
			sourceTree = "<group>";
		};
		CA1599EE1B1759A600B26F9C /* Supporting Files */ = {
			isa = PBXGroup;
			children = (
				CA1599EF1B1759A600B26F9C /* Info.plist */,
				CA1599F31B1759A600B26F9C /* main.m */,
			);
			name = "Supporting Files";
			sourceTree = "<group>";
		};
/* End PBXGroup section */

/* Begin PBXNativeTarget section */
		CA1599EA1B1759A600B26F9C /* Bibledit */ = {
			isa = PBXNativeTarget;
			buildConfigurationList = CA159A081B1759A600B26F9C /* Build configuration list for PBXNativeTarget "Bibledit" */;
			buildPhases = (
				CA1599E71B1759A600B26F9C /* Sources */,
				CA1599E81B1759A600B26F9C /* Frameworks */,
				CA1599E91B1759A600B26F9C /* Resources */,
			);
			buildRules = (
			);
			dependencies = (
			);
			name = Bibledit;
			productName = osx;
			productReference = CA1599EB1B1759A600B26F9C /* Bibledit.app */;
			productType = "com.apple.product-type.application";
		};
/* End PBXNativeTarget section */

/* Begin PBXProject section */
		CA1599E31B1759A600B26F9C /* Project object */ = {
			isa = PBXProject;
			attributes = {
				LastUpgradeCheck = 0800;
				ORGANIZATIONNAME = "Teus Benschop";
				TargetAttributes = {
					CA1599EA1B1759A600B26F9C = {
						CreatedOnToolsVersion = 6.3.2;
						DevelopmentTeam = L37WFUB5MH;
						SystemCapabilities = {
							com.apple.Sandbox = {
								enabled = 1;
							};
						};
					};
				};
			};
			buildConfigurationList = CA1599E61B1759A600B26F9C /* Build configuration list for PBXProject "Bibledit" */;
			compatibilityVersion = "Xcode 3.2";
			developmentRegion = English;
			hasScannedForEncodings = 0;
			knownRegions = (
				en,
				Base,
			);
			mainGroup = CA1599E21B1759A600B26F9C;
			productRefGroup = CA1599EC1B1759A600B26F9C /* Products */;
			projectDirPath = "";
			projectRoot = "";
			targets = (
				CA1599EA1B1759A600B26F9C /* Bibledit */,
			);
		};
/* End PBXProject section */

/* Begin PBXResourcesBuildPhase section */
		CA1599E91B1759A600B26F9C /* Resources */ = {
			isa = PBXResourcesBuildPhase;
			buildActionMask = 2147483647;
			files = (
				CAE0196F1B1775C6000EAF46 /* webroot in Resources */,
				CAF569171B177EBD00EE957E /* MainMenu.xib in Resources */,
				CA1599F61B1759A600B26F9C /* Images.xcassets in Resources */,
			);
			runOnlyForDeploymentPostprocessing = 0;
		};
/* End PBXResourcesBuildPhase section */

/* Begin PBXSourcesBuildPhase section */
		CA1599E71B1759A600B26F9C /* Sources */ = {
			isa = PBXSourcesBuildPhase;
			buildActionMask = 2147483647;
			files = (
				CA1599F41B1759A600B26F9C /* main.m in Sources */,
				CA1599F21B1759A600B26F9C /* AppDelegate.m in Sources */,
				CA3CC2701C45277E001CBA74 /* UIDelegate.m in Sources */,
			);
			runOnlyForDeploymentPostprocessing = 0;
		};
/* End PBXSourcesBuildPhase section */

/* Begin PBXVariantGroup section */
		CA1599F71B1759A600B26F9C /* MainMenu.xib */ = {
			isa = PBXVariantGroup;
			children = (
				CA1599F81B1759A600B26F9C /* Base */,
			);
			name = MainMenu.xib;
			sourceTree = "<group>";
		};
		CAE33E751B176F2500BBA84A /* MainMenu.xib */ = {
			isa = PBXVariantGroup;
			children = (
				CAE33E761B176F2500BBA84A /* Base */,
			);
			name = MainMenu.xib;
			sourceTree = "<group>";
		};
/* End PBXVariantGroup section */

/* Begin XCBuildConfiguration section */
		CA159A061B1759A600B26F9C /* Debug */ = {
			isa = XCBuildConfiguration;
			buildSettings = {
				ALWAYS_SEARCH_USER_PATHS = NO;
				CLANG_CXX_LANGUAGE_STANDARD = "gnu++0x";
				CLANG_CXX_LIBRARY = "libc++";
				CLANG_ENABLE_MODULES = YES;
				CLANG_ENABLE_OBJC_ARC = YES;
				CLANG_WARN_BOOL_CONVERSION = YES;
				CLANG_WARN_CONSTANT_CONVERSION = YES;
				CLANG_WARN_DIRECT_OBJC_ISA_USAGE = YES_ERROR;
				CLANG_WARN_EMPTY_BODY = YES;
				CLANG_WARN_ENUM_CONVERSION = YES;
				CLANG_WARN_INFINITE_RECURSION = YES;
				CLANG_WARN_INT_CONVERSION = YES;
				CLANG_WARN_OBJC_ROOT_CLASS = YES_ERROR;
				CLANG_WARN_SUSPICIOUS_MOVE = YES;
				CLANG_WARN_UNREACHABLE_CODE = YES;
				CLANG_WARN__DUPLICATE_METHOD_MATCH = YES;
				CODE_SIGN_IDENTITY = "-";
				COPY_PHASE_STRIP = NO;
				DEBUG_INFORMATION_FORMAT = dwarf;
				ENABLE_STRICT_OBJC_MSGSEND = YES;
				ENABLE_TESTABILITY = YES;
				GCC_C_LANGUAGE_STANDARD = gnu99;
				GCC_DYNAMIC_NO_PIC = NO;
				GCC_NO_COMMON_BLOCKS = YES;
				GCC_OPTIMIZATION_LEVEL = 0;
				GCC_PREPROCESSOR_DEFINITIONS = (
					"DEBUG=1",
					"$(inherited)",
				);
				GCC_SYMBOLS_PRIVATE_EXTERN = NO;
				GCC_WARN_64_TO_32_BIT_CONVERSION = YES;
				GCC_WARN_ABOUT_RETURN_TYPE = YES_ERROR;
				GCC_WARN_UNDECLARED_SELECTOR = YES;
				GCC_WARN_UNINITIALIZED_AUTOS = YES_AGGRESSIVE;
				GCC_WARN_UNUSED_FUNCTION = YES;
				GCC_WARN_UNUSED_VARIABLE = YES;
				MACOSX_DEPLOYMENT_TARGET = 10.10;
				MTL_ENABLE_DEBUG_INFO = YES;
				ONLY_ACTIVE_ARCH = YES;
				SDKROOT = macosx;
			};
			name = Debug;
		};
		CA159A071B1759A600B26F9C /* Release */ = {
			isa = XCBuildConfiguration;
			buildSettings = {
				ALWAYS_SEARCH_USER_PATHS = NO;
				CLANG_CXX_LANGUAGE_STANDARD = "gnu++0x";
				CLANG_CXX_LIBRARY = "libc++";
				CLANG_ENABLE_MODULES = YES;
				CLANG_ENABLE_OBJC_ARC = YES;
				CLANG_WARN_BOOL_CONVERSION = YES;
				CLANG_WARN_CONSTANT_CONVERSION = YES;
				CLANG_WARN_DIRECT_OBJC_ISA_USAGE = YES_ERROR;
				CLANG_WARN_EMPTY_BODY = YES;
				CLANG_WARN_ENUM_CONVERSION = YES;
				CLANG_WARN_INFINITE_RECURSION = YES;
				CLANG_WARN_INT_CONVERSION = YES;
				CLANG_WARN_OBJC_ROOT_CLASS = YES_ERROR;
				CLANG_WARN_SUSPICIOUS_MOVE = YES;
				CLANG_WARN_UNREACHABLE_CODE = YES;
				CLANG_WARN__DUPLICATE_METHOD_MATCH = YES;
				CODE_SIGN_IDENTITY = "-";
				COPY_PHASE_STRIP = NO;
				DEBUG_INFORMATION_FORMAT = "dwarf-with-dsym";
				ENABLE_NS_ASSERTIONS = NO;
				ENABLE_STRICT_OBJC_MSGSEND = YES;
				GCC_C_LANGUAGE_STANDARD = gnu99;
				GCC_NO_COMMON_BLOCKS = YES;
				GCC_WARN_64_TO_32_BIT_CONVERSION = YES;
				GCC_WARN_ABOUT_RETURN_TYPE = YES_ERROR;
				GCC_WARN_UNDECLARED_SELECTOR = YES;
				GCC_WARN_UNINITIALIZED_AUTOS = YES_AGGRESSIVE;
				GCC_WARN_UNUSED_FUNCTION = YES;
				GCC_WARN_UNUSED_VARIABLE = YES;
				MACOSX_DEPLOYMENT_TARGET = 10.10;
				MTL_ENABLE_DEBUG_INFO = NO;
				SDKROOT = macosx;
			};
			name = Release;
		};
		CA159A091B1759A600B26F9C /* Debug */ = {
			isa = XCBuildConfiguration;
			buildSettings = {
				ASSETCATALOG_COMPILER_APPICON_NAME = AppIcon;
				CODE_SIGN_ENTITLEMENTS = osx/osx.entitlements;
				CODE_SIGN_IDENTITY = "Mac Developer";
				COMBINE_HIDPI_IMAGES = YES;
				INFOPLIST_FILE = osx/Info.plist;
				LD_RUNPATH_SEARCH_PATHS = "$(inherited) @executable_path/../Frameworks";
				LIBRARY_SEARCH_PATHS = (
					"$(inherited)",
					"$(PROJECT_DIR)/lib",
					"$(PROJECT_DIR)/webroot",
				);
				MACOSX_DEPLOYMENT_TARGET = 10.10;
				PRODUCT_BUNDLE_IDENTIFIER = org.bibledit.osx;
				PRODUCT_NAME = Bibledit;
			};
			name = Debug;
		};
		CA159A0A1B1759A600B26F9C /* Release */ = {
			isa = XCBuildConfiguration;
			buildSettings = {
				ASSETCATALOG_COMPILER_APPICON_NAME = AppIcon;
				CODE_SIGN_ENTITLEMENTS = osx/osx.entitlements;
				CODE_SIGN_IDENTITY = "Mac Developer";
				COMBINE_HIDPI_IMAGES = YES;
				INFOPLIST_FILE = osx/Info.plist;
				LD_RUNPATH_SEARCH_PATHS = "$(inherited) @executable_path/../Frameworks";
				LIBRARY_SEARCH_PATHS = (
					"$(inherited)",
					"$(PROJECT_DIR)/lib",
					"$(PROJECT_DIR)/webroot",
				);
				MACOSX_DEPLOYMENT_TARGET = 10.10;
				PRODUCT_BUNDLE_IDENTIFIER = org.bibledit.osx;
				PRODUCT_NAME = Bibledit;
			};
			name = Release;
		};
/* End XCBuildConfiguration section */

/* Begin XCConfigurationList section */
		CA1599E61B1759A600B26F9C /* Build configuration list for PBXProject "Bibledit" */ = {
			isa = XCConfigurationList;
			buildConfigurations = (
				CA159A061B1759A600B26F9C /* Debug */,
				CA159A071B1759A600B26F9C /* Release */,
			);
			defaultConfigurationIsVisible = 0;
			defaultConfigurationName = Release;
		};
		CA159A081B1759A600B26F9C /* Build configuration list for PBXNativeTarget "Bibledit" */ = {
			isa = XCConfigurationList;
			buildConfigurations = (
				CA159A091B1759A600B26F9C /* Debug */,
				CA159A0A1B1759A600B26F9C /* Release */,
			);
			defaultConfigurationIsVisible = 0;
			defaultConfigurationName = Release;
		};
/* End XCConfigurationList section */
	};
	rootObject = CA1599E31B1759A600B26F9C /* Project object */;
}
