// !$*UTF8*$!
{
	archiveVersion = 1;
	classes = {
	};
	objectVersion = 46;
	objects = {

/* Begin PBXFileReference section */
		CA738D1A1B073BB30024175F /* bibledit.sh */ = {isa = PBXFileReference; lastKnownFileType = text.script.sh; path = bibledit.sh; sourceTree = "<group>"; };
		CA7C433F1B039EFC00FFADCC /* tarball.sh */ = {isa = PBXFileReference; lastKnownFileType = text.script.sh; path = tarball.sh; sourceTree = "<group>"; };
		CA80EC121B03C2A0000A2591 /* bibledit.1 */ = {isa = PBXFileReference; lastKnownFileType = text.man; path = bibledit.1; sourceTree = "<group>"; };
		CA80EC131B03C2EC000A2591 /* bibledit.cpp */ = {isa = PBXFileReference; indentWidth = 2; lastKnownFileType = sourcecode.cpp.cpp; path = bibledit.cpp; sourceTree = "<group>"; tabWidth = 2; };
		CA80EC141B03C31A000A2591 /* bibledit.desktop */ = {isa = PBXFileReference; lastKnownFileType = text; path = bibledit.desktop; sourceTree = "<group>"; };
		CA80EC151B03C355000A2591 /* bibledit.h */ = {isa = PBXFileReference; lastKnownFileType = sourcecode.c.h; path = bibledit.h; sourceTree = "<group>"; };
		CA80EC181B03C39C000A2591 /* README.md */ = {isa = PBXFileReference; lastKnownFileType = net.daringfireball.markdown; path = README.md; sourceTree = "<group>"; };
		CA81724F1CDB7A2B00518FA2 /* copy.sh */ = {isa = PBXFileReference; lastKnownFileType = text.script.sh; path = copy.sh; sourceTree = "<group>"; };
/* End PBXFileReference section */

/* Begin PBXGroup section */
		CA6867431B03997100DB9422 = {
			isa = PBXGroup;
			children = (
				CA80EC121B03C2A0000A2591 /* bibledit.1 */,
				CA80EC131B03C2EC000A2591 /* bibledit.cpp */,
				CA80EC141B03C31A000A2591 /* bibledit.desktop */,
				CA80EC151B03C355000A2591 /* bibledit.h */,
				CA738D1A1B073BB30024175F /* bibledit.sh */,
				CA81724F1CDB7A2B00518FA2 /* copy.sh */,
				CA80EC181B03C39C000A2591 /* README.md */,
				CA7C433F1B039EFC00FFADCC /* tarball.sh */,
			);
			sourceTree = "<group>";
		};
/* End PBXGroup section */

/* Begin PBXProject section */
		CA6867441B03997100DB9422 /* Project object */ = {
			isa = PBXProject;
			attributes = {
				LastUpgradeCheck = 0630;
			};
			buildConfigurationList = CA6867471B03997100DB9422 /* Build configuration list for PBXProject "xcode" */;
			compatibilityVersion = "Xcode 3.2";
			developmentRegion = English;
			hasScannedForEncodings = 0;
			knownRegions = (
				en,
			);
			mainGroup = CA6867431B03997100DB9422;
			projectDirPath = "";
			projectRoot = "";
			targets = (
			);
		};
/* End PBXProject section */

/* Begin XCBuildConfiguration section */
		CA6867481B03997100DB9422 /* Debug */ = {
			isa = XCBuildConfiguration;
			buildSettings = {
			};
			name = Debug;
		};
		CA6867491B03997100DB9422 /* Release */ = {
			isa = XCBuildConfiguration;
			buildSettings = {
			};
			name = Release;
		};
/* End XCBuildConfiguration section */

/* Begin XCConfigurationList section */
		CA6867471B03997100DB9422 /* Build configuration list for PBXProject "xcode" */ = {
			isa = XCConfigurationList;
			buildConfigurations = (
				CA6867481B03997100DB9422 /* Debug */,
				CA6867491B03997100DB9422 /* Release */,
			);
			defaultConfigurationIsVisible = 0;
			defaultConfigurationName = Release;
		};
/* End XCConfigurationList section */
	};
	rootObject = CA6867441B03997100DB9422 /* Project object */;
}
