// !$*UTF8*$!
{
	archiveVersion = 1;
	classes = {
	};
	objectVersion = 46;
	objects = {

/* Begin PBXFileReference section */
		CA3BB0A01B148FD100BAAA33 /* Android.mk */ = {isa = PBXFileReference; lastKnownFileType = text; path = Android.mk; sourceTree = "<group>"; };
		CA679B181B1C78A2002E3407 /* bibledit.cpp */ = {isa = PBXFileReference; lastKnownFileType = sourcecode.cpp.cpp; path = bibledit.cpp; sourceTree = "<group>"; };
		CA679B191B1C78A2002E3407 /* bibledit.h */ = {isa = PBXFileReference; lastKnownFileType = sourcecode.c.h; path = bibledit.h; sourceTree = "<group>"; };
		CA6EF6011B19CBB30016FF18 /* native */ = {isa = PBXFileReference; lastKnownFileType = text.script.sh; path = native; sourceTree = "<group>"; };
		CA6FFB001C773BEA00239D5C /* copy */ = {isa = PBXFileReference; lastKnownFileType = text.script.sh; path = copy; sourceTree = "<group>"; };
		CA97BC101B0F7DF400877437 /* AndroidManifest.xml */ = {isa = PBXFileReference; lastKnownFileType = text.xml; path = AndroidManifest.xml; sourceTree = "<group>"; };
		CA97BC111B0F7DFC00877437 /* ant.properties */ = {isa = PBXFileReference; lastKnownFileType = text; path = ant.properties; sourceTree = "<group>"; };
		CA97BC121B0F7E0400877437 /* build.xml */ = {isa = PBXFileReference; lastKnownFileType = text.xml; path = build.xml; sourceTree = "<group>"; };
		CA97BC131B0F7E0C00877437 /* debug */ = {isa = PBXFileReference; lastKnownFileType = text.script.sh; path = debug; sourceTree = "<group>"; };
		CA97BC141B0F7E1500877437 /* local.properties */ = {isa = PBXFileReference; lastKnownFileType = text; path = local.properties; sourceTree = "<group>"; };
		CA97BC151B0F7E1E00877437 /* proguard-project.txt */ = {isa = PBXFileReference; lastKnownFileType = text; path = "proguard-project.txt"; sourceTree = "<group>"; };
		CA97BC161B0F7E1E00877437 /* project.properties */ = {isa = PBXFileReference; lastKnownFileType = text; path = project.properties; sourceTree = "<group>"; };
		CA97BC171B0F7E1E00877437 /* release */ = {isa = PBXFileReference; lastKnownFileType = text.script.sh; path = release; sourceTree = "<group>"; };
		CA97BC181B0F7E3600877437 /* testing.txt */ = {isa = PBXFileReference; lastKnownFileType = text; path = testing.txt; sourceTree = "<group>"; };
		CA97BC1B1B0F7E4A00877437 /* MainActivity.java */ = {isa = PBXFileReference; lastKnownFileType = sourcecode.java; name = MainActivity.java; path = src/org/bibledit/android/MainActivity.java; sourceTree = "<group>"; };
		CA97BC201B0F7EE300877437 /* main.xml */ = {isa = PBXFileReference; lastKnownFileType = text.xml; path = main.xml; sourceTree = "<group>"; };
		CA97BC221B0F7EE300877437 /* strings.xml */ = {isa = PBXFileReference; lastKnownFileType = text.xml; path = strings.xml; sourceTree = "<group>"; };
		CA97BC241B0F9CF400877437 /* README.md */ = {isa = PBXFileReference; lastKnownFileType = net.daringfireball.markdown; path = README.md; sourceTree = SOURCE_ROOT; };
		CAA820141CF9C7E200D8FDF6 /* run */ = {isa = PBXFileReference; lastKnownFileType = text.script.sh; path = run; sourceTree = "<group>"; };
		CABA805A1B110D8800E86B23 /* bibleditjni.c */ = {isa = PBXFileReference; lastKnownFileType = sourcecode.c.c; path = bibleditjni.c; sourceTree = "<group>"; };
		CAE0F22B1B1DDCBE00970969 /* gdb */ = {isa = PBXFileReference; lastKnownFileType = text.script.sh; path = gdb; sourceTree = "<group>"; };
		CAE2DAFB1B10DE4A008EE025 /* Android.am */ = {isa = PBXFileReference; lastKnownFileType = text; path = Android.am; sourceTree = "<group>"; };
		CAE2DAFC1B10DE4A008EE025 /* Application.mk */ = {isa = PBXFileReference; lastKnownFileType = text; path = Application.mk; sourceTree = "<group>"; };
/* End PBXFileReference section */

/* Begin PBXGroup section */
		CA97BC1F1B0F7EE300877437 /* layout */ = {
			isa = PBXGroup;
			children = (
				CA97BC201B0F7EE300877437 /* main.xml */,
			);
			name = layout;
			path = res/layout;
			sourceTree = "<group>";
		};
		CA97BC211B0F7EE300877437 /* values */ = {
			isa = PBXGroup;
			children = (
				CA97BC221B0F7EE300877437 /* strings.xml */,
			);
			name = values;
			path = res/values;
			sourceTree = "<group>";
		};
		CA97BC231B0F7EED00877437 /* src */ = {
			isa = PBXGroup;
			children = (
				CA97BC1B1B0F7E4A00877437 /* MainActivity.java */,
			);
			name = src;
			sourceTree = "<group>";
		};
		CAADF4D71B0F7CD9002F0910 = {
			isa = PBXGroup;
			children = (
				CA97BC101B0F7DF400877437 /* AndroidManifest.xml */,
				CA97BC111B0F7DFC00877437 /* ant.properties */,
				CA97BC121B0F7E0400877437 /* build.xml */,
				CA6FFB001C773BEA00239D5C /* copy */,
				CA97BC131B0F7E0C00877437 /* debug */,
				CAE0F22B1B1DDCBE00970969 /* gdb */,
				CAE2DAFA1B10DE4A008EE025 /* jni */,
				CA97BC1F1B0F7EE300877437 /* layout */,
				CA97BC141B0F7E1500877437 /* local.properties */,
				CA6EF6011B19CBB30016FF18 /* native */,
				CA97BC151B0F7E1E00877437 /* proguard-project.txt */,
				CA97BC161B0F7E1E00877437 /* project.properties */,
				CA97BC241B0F9CF400877437 /* README.md */,
				CA97BC171B0F7E1E00877437 /* release */,
				CAA820141CF9C7E200D8FDF6 /* run */,
				CA97BC231B0F7EED00877437 /* src */,
				CA97BC181B0F7E3600877437 /* testing.txt */,
				CA97BC211B0F7EE300877437 /* values */,
			);
			sourceTree = "<group>";
		};
		CAE2DAFA1B10DE4A008EE025 /* jni */ = {
			isa = PBXGroup;
			children = (
				CAE2DAFB1B10DE4A008EE025 /* Android.am */,
				CA3BB0A01B148FD100BAAA33 /* Android.mk */,
				CAE2DAFC1B10DE4A008EE025 /* Application.mk */,
				CA679B181B1C78A2002E3407 /* bibledit.cpp */,
				CA679B191B1C78A2002E3407 /* bibledit.h */,
				CABA805A1B110D8800E86B23 /* bibleditjni.c */,
			);
			path = jni;
			sourceTree = "<group>";
		};
/* End PBXGroup section */

/* Begin PBXProject section */
		CAADF4D81B0F7CD9002F0910 /* Project object */ = {
			isa = PBXProject;
			attributes = {
				LastUpgradeCheck = 0700;
			};
			buildConfigurationList = CAADF4DB1B0F7CD9002F0910 /* Build configuration list for PBXProject "android" */;
			compatibilityVersion = "Xcode 3.2";
			developmentRegion = English;
			hasScannedForEncodings = 0;
			knownRegions = (
				en,
			);
			mainGroup = CAADF4D71B0F7CD9002F0910;
			projectDirPath = "";
			projectRoot = "";
			targets = (
			);
		};
/* End PBXProject section */

/* Begin XCBuildConfiguration section */
		CAADF4DC1B0F7CD9002F0910 /* Debug */ = {
			isa = XCBuildConfiguration;
			buildSettings = {
				ENABLE_TESTABILITY = YES;
				ONLY_ACTIVE_ARCH = YES;
			};
			name = Debug;
		};
		CAADF4DD1B0F7CD9002F0910 /* Release */ = {
			isa = XCBuildConfiguration;
			buildSettings = {
			};
			name = Release;
		};
/* End XCBuildConfiguration section */

/* Begin XCConfigurationList section */
		CAADF4DB1B0F7CD9002F0910 /* Build configuration list for PBXProject "android" */ = {
			isa = XCConfigurationList;
			buildConfigurations = (
				CAADF4DC1B0F7CD9002F0910 /* Debug */,
				CAADF4DD1B0F7CD9002F0910 /* Release */,
			);
			defaultConfigurationIsVisible = 0;
			defaultConfigurationName = Release;
		};
/* End XCConfigurationList section */
	};
	rootObject = CAADF4D81B0F7CD9002F0910 /* Project object */;
}
